// !$*UTF8*$!
{
	archiveVersion = 1;
	classes = {
	};
	objectVersion = 55;
	objects = {

/* Begin PBXBuildFile section */
		56E9C75127E89CD1006F6DD8 /* AppDelegate.swift in Sources */ = {isa = PBXBuildFile; fileRef = 56E9C75027E89CD1006F6DD8 /* AppDelegate.swift */; };
		56E9C75327E89CD1006F6DD8 /* SceneDelegate.swift in Sources */ = {isa = PBXBuildFile; fileRef = 56E9C75227E89CD1006F6DD8 /* SceneDelegate.swift */; };
		56E9C75527E89CD1006F6DD8 /* ViewController.swift in Sources */ = {isa = PBXBuildFile; fileRef = 56E9C75427E89CD1006F6DD8 /* ViewController.swift */; };
		56E9C75827E89CD1006F6DD8 /* Main.storyboard in Resources */ = {isa = PBXBuildFile; fileRef = 56E9C75627E89CD1006F6DD8 /* Main.storyboard */; };
		56E9C75A27E89CD2006F6DD8 /* Assets.xcassets in Resources */ = {isa = PBXBuildFile; fileRef = 56E9C75927E89CD2006F6DD8 /* Assets.xcassets */; };
		56E9C75D27E89CD2006F6DD8 /* LaunchScreen.storyboard in Resources */ = {isa = PBXBuildFile; fileRef = 56E9C75B27E89CD2006F6DD8 /* LaunchScreen.storyboard */; };
		56E9C76D27E89F29006F6DD8 /* ModelCountOnMe.swift in Sources */ = {isa = PBXBuildFile; fileRef = 56E9C76C27E89F29006F6DD8 /* ModelCountOnMe.swift */; };
/* End PBXBuildFile section */

/* Begin PBXFileReference section */
		56E9C74D27E89CD1006F6DD8 /* ContOnMe.app */ = {isa = PBXFileReference; explicitFileType = wrapper.application; includeInIndex = 0; path = ContOnMe.app; sourceTree = BUILT_PRODUCTS_DIR; };
		56E9C75027E89CD1006F6DD8 /* AppDelegate.swift */ = {isa = PBXFileReference; lastKnownFileType = sourcecode.swift; path = AppDelegate.swift; sourceTree = "<group>"; };
		56E9C75227E89CD1006F6DD8 /* SceneDelegate.swift */ = {isa = PBXFileReference; lastKnownFileType = sourcecode.swift; path = SceneDelegate.swift; sourceTree = "<group>"; };
		56E9C75427E89CD1006F6DD8 /* ViewController.swift */ = {isa = PBXFileReference; lastKnownFileType = sourcecode.swift; name = ViewController.swift; path = ../ViewController.swift; sourceTree = "<group>"; };
		56E9C75727E89CD1006F6DD8 /* Base */ = {isa = PBXFileReference; lastKnownFileType = file.storyboard; name = Base; path = Base.lproj/Main.storyboard; sourceTree = "<group>"; };
		56E9C75927E89CD2006F6DD8 /* Assets.xcassets */ = {isa = PBXFileReference; lastKnownFileType = folder.assetcatalog; path = Assets.xcassets; sourceTree = "<group>"; };
		56E9C75C27E89CD2006F6DD8 /* Base */ = {isa = PBXFileReference; lastKnownFileType = file.storyboard; name = Base; path = Base.lproj/LaunchScreen.storyboard; sourceTree = "<group>"; };
		56E9C75E27E89CD2006F6DD8 /* Info.plist */ = {isa = PBXFileReference; lastKnownFileType = text.plist.xml; path = Info.plist; sourceTree = "<group>"; };
		56E9C76C27E89F29006F6DD8 /* ModelCountOnMe.swift */ = {isa = PBXFileReference; lastKnownFileType = sourcecode.swift; path = ModelCountOnMe.swift; sourceTree = "<group>"; };
/* End PBXFileReference section */

/* Begin PBXFrameworksBuildPhase section */
		56E9C74A27E89CD1006F6DD8 /* Frameworks */ = {
			isa = PBXFrameworksBuildPhase;
			buildActionMask = 2147483647;
			files = (
			);
			runOnlyForDeploymentPostprocessing = 0;
		};
/* End PBXFrameworksBuildPhase section */

/* Begin PBXGroup section */
		56E9C74427E89CD1006F6DD8 = {
			isa = PBXGroup;
			children = (
				56E9C74F27E89CD1006F6DD8 /* ContOnMe */,
				56E9C74E27E89CD1006F6DD8 /* Products */,
			);
			sourceTree = "<group>";
		};
		56E9C74E27E89CD1006F6DD8 /* Products */ = {
			isa = PBXGroup;
			children = (
				56E9C74D27E89CD1006F6DD8 /* ContOnMe.app */,
			);
			name = Products;
			sourceTree = "<group>";
		};
		56E9C74F27E89CD1006F6DD8 /* ContOnMe */ = {
			isa = PBXGroup;
			children = (
				56E9C76727E89D9B006F6DD8 /* Model */,
				56E9C76627E89D88006F6DD8 /* View */,
				56E9C76527E89D75006F6DD8 /* Controller */,
				56E9C76427E89D1D006F6DD8 /* supporting files */,
				56E9C75627E89CD1006F6DD8 /* Main.storyboard */,
				56E9C75927E89CD2006F6DD8 /* Assets.xcassets */,
			);
			path = ContOnMe;
			sourceTree = "<group>";
		};
		56E9C76427E89D1D006F6DD8 /* supporting files */ = {
			isa = PBXGroup;
			children = (
				56E9C75E27E89CD2006F6DD8 /* Info.plist */,
				56E9C75227E89CD1006F6DD8 /* SceneDelegate.swift */,
				56E9C75027E89CD1006F6DD8 /* AppDelegate.swift */,
			);
			path = "supporting files";
			sourceTree = "<group>";
		};
		56E9C76527E89D75006F6DD8 /* Controller */ = {
			isa = PBXGroup;
			children = (
				56E9C75427E89CD1006F6DD8 /* ViewController.swift */,
			);
			path = Controller;
			sourceTree = "<group>";
		};
		56E9C76627E89D88006F6DD8 /* View */ = {
			isa = PBXGroup;
			children = (
				56E9C75B27E89CD2006F6DD8 /* LaunchScreen.storyboard */,
			);
			path = View;
			sourceTree = "<group>";
		};
		56E9C76727E89D9B006F6DD8 /* Model */ = {
			isa = PBXGroup;
			children = (
				56E9C76C27E89F29006F6DD8 /* ModelCountOnMe.swift */,
			);
			path = Model;
			sourceTree = "<group>";
		};
/* End PBXGroup section */

/* Begin PBXNativeTarget section */
		56E9C74C27E89CD1006F6DD8 /* ContOnMe */ = {
			isa = PBXNativeTarget;
			buildConfigurationList = 56E9C76127E89CD2006F6DD8 /* Build configuration list for PBXNativeTarget "ContOnMe" */;
			buildPhases = (
				56E9C74927E89CD1006F6DD8 /* Sources */,
				56E9C74A27E89CD1006F6DD8 /* Frameworks */,
				56E9C74B27E89CD1006F6DD8 /* Resources */,
			);
			buildRules = (
			);
			dependencies = (
			);
			name = ContOnMe;
			productName = ContOnMe;
			productReference = 56E9C74D27E89CD1006F6DD8 /* ContOnMe.app */;
			productType = "com.apple.product-type.application";
		};
/* End PBXNativeTarget section */

/* Begin PBXProject section */
		56E9C74527E89CD1006F6DD8 /* Project object */ = {
			isa = PBXProject;
			attributes = {
				BuildIndependentTargetsInParallel = 1;
				LastSwiftUpdateCheck = 1320;
				LastUpgradeCheck = 1320;
				TargetAttributes = {
					56E9C74C27E89CD1006F6DD8 = {
						CreatedOnToolsVersion = 13.2.1;
					};
				};
			};
			buildConfigurationList = 56E9C74827E89CD1006F6DD8 /* Build configuration list for PBXProject "ContOnMe" */;
			compatibilityVersion = "Xcode 13.0";
			developmentRegion = en;
			hasScannedForEncodings = 0;
			knownRegions = (
				en,
				Base,
			);
			mainGroup = 56E9C74427E89CD1006F6DD8;
			productRefGroup = 56E9C74E27E89CD1006F6DD8 /* Products */;
			projectDirPath = "";
			projectRoot = "";
			targets = (
				56E9C74C27E89CD1006F6DD8 /* ContOnMe */,
			);
		};
/* End PBXProject section */

/* Begin PBXResourcesBuildPhase section */
		56E9C74B27E89CD1006F6DD8 /* Resources */ = {
			isa = PBXResourcesBuildPhase;
			buildActionMask = 2147483647;
			files = (
				56E9C75D27E89CD2006F6DD8 /* LaunchScreen.storyboard in Resources */,
				56E9C75A27E89CD2006F6DD8 /* Assets.xcassets in Resources */,
				56E9C75827E89CD1006F6DD8 /* Main.storyboard in Resources */,
			);
			runOnlyForDeploymentPostprocessing = 0;
		};
/* End PBXResourcesBuildPhase section */

/* Begin PBXSourcesBuildPhase section */
		56E9C74927E89CD1006F6DD8 /* Sources */ = {
			isa = PBXSourcesBuildPhase;
			buildActionMask = 2147483647;
			files = (
				56E9C76D27E89F29006F6DD8 /* ModelCountOnMe.swift in Sources */,
				56E9C75527E89CD1006F6DD8 /* ViewController.swift in Sources */,
				56E9C75127E89CD1006F6DD8 /* AppDelegate.swift in Sources */,
				56E9C75327E89CD1006F6DD8 /* SceneDelegate.swift in Sources */,
			);
			runOnlyForDeploymentPostprocessing = 0;
		};
/* End PBXSourcesBuildPhase section */

/* Begin PBXVariantGroup section */
		56E9C75627E89CD1006F6DD8 /* Main.storyboard */ = {
			isa = PBXVariantGroup;
			children = (
				56E9C75727E89CD1006F6DD8 /* Base */,
			);
			name = Main.storyboard;
			sourceTree = "<group>";
		};
		56E9C75B27E89CD2006F6DD8 /* LaunchScreen.storyboard */ = {
			isa = PBXVariantGroup;
			children = (
				56E9C75C27E89CD2006F6DD8 /* Base */,
			);
			name = LaunchScreen.storyboard;
			sourceTree = "<group>";
		};
/* End PBXVariantGroup section */

/* Begin XCBuildConfiguration section */
		56E9C75F27E89CD2006F6DD8 /* Debug */ = {
			isa = XCBuildConfiguration;
			buildSettings = {
				ALWAYS_SEARCH_USER_PATHS = NO;
				CLANG_ANALYZER_NONNULL = YES;
				CLANG_ANALYZER_NUMBER_OBJECT_CONVERSION = YES_AGGRESSIVE;
				CLANG_CXX_LANGUAGE_STANDARD = "gnu++17";
				CLANG_CXX_LIBRARY = "libc++";
				CLANG_ENABLE_MODULES = YES;
				CLANG_ENABLE_OBJC_ARC = YES;
				CLANG_ENABLE_OBJC_WEAK = YES;
				CLANG_WARN_BLOCK_CAPTURE_AUTORELEASING = YES;
				CLANG_WARN_BOOL_CONVERSION = YES;
				CLANG_WARN_COMMA = YES;
				CLANG_WARN_CONSTANT_CONVERSION = YES;
				CLANG_WARN_DEPRECATED_OBJC_IMPLEMENTATIONS = YES;
				CLANG_WARN_DIRECT_OBJC_ISA_USAGE = YES_ERROR;
				CLANG_WARN_DOCUMENTATION_COMMENTS = YES;
				CLANG_WARN_EMPTY_BODY = YES;
				CLANG_WARN_ENUM_CONVERSION = YES;
				CLANG_WARN_INFINITE_RECURSION = YES;
				CLANG_WARN_INT_CONVERSION = YES;
				CLANG_WARN_NON_LITERAL_NULL_CONVERSION = YES;
				CLANG_WARN_OBJC_IMPLICIT_RETAIN_SELF = YES;
				CLANG_WARN_OBJC_LITERAL_CONVERSION = YES;
				CLANG_WARN_OBJC_ROOT_CLASS = YES_ERROR;
				CLANG_WARN_QUOTED_INCLUDE_IN_FRAMEWORK_HEADER = YES;
				CLANG_WARN_RANGE_LOOP_ANALYSIS = YES;
				CLANG_WARN_STRICT_PROTOTYPES = YES;
				CLANG_WARN_SUSPICIOUS_MOVE = YES;
				CLANG_WARN_UNGUARDED_AVAILABILITY = YES_AGGRESSIVE;
				CLANG_WARN_UNREACHABLE_CODE = YES;
				CLANG_WARN__DUPLICATE_METHOD_MATCH = YES;
				COPY_PHASE_STRIP = NO;
				DEBUG_INFORMATION_FORMAT = dwarf;
				ENABLE_STRICT_OBJC_MSGSEND = YES;
				ENABLE_TESTABILITY = YES;
				GCC_C_LANGUAGE_STANDARD = gnu11;
				GCC_DYNAMIC_NO_PIC = NO;
				GCC_NO_COMMON_BLOCKS = YES;
				GCC_OPTIMIZATION_LEVEL = 0;
				GCC_PREPROCESSOR_DEFINITIONS = (
					"DEBUG=1",
					"$(inherited)",
				);
				GCC_WARN_64_TO_32_BIT_CONVERSION = YES;
				GCC_WARN_ABOUT_RETURN_TYPE = YES_ERROR;
				GCC_WARN_UNDECLARED_SELECTOR = YES;
				GCC_WARN_UNINITIALIZED_AUTOS = YES_AGGRESSIVE;
				GCC_WARN_UNUSED_FUNCTION = YES;
				GCC_WARN_UNUSED_VARIABLE = YES;
				IPHONEOS_DEPLOYMENT_TARGET = 15.2;
				MTL_ENABLE_DEBUG_INFO = INCLUDE_SOURCE;
				MTL_FAST_MATH = YES;
				ONLY_ACTIVE_ARCH = YES;
				SDKROOT = iphoneos;
				SWIFT_ACTIVE_COMPILATION_CONDITIONS = DEBUG;
				SWIFT_OPTIMIZATION_LEVEL = "-Onone";
			};
			name = Debug;
		};
		56E9C76027E89CD2006F6DD8 /* Release */ = {
			isa = XCBuildConfiguration;
			buildSettings = {
				ALWAYS_SEARCH_USER_PATHS = NO;
				CLANG_ANALYZER_NONNULL = YES;
				CLANG_ANALYZER_NUMBER_OBJECT_CONVERSION = YES_AGGRESSIVE;
				CLANG_CXX_LANGUAGE_STANDARD = "gnu++17";
				CLANG_CXX_LIBRARY = "libc++";
				CLANG_ENABLE_MODULES = YES;
				CLANG_ENABLE_OBJC_ARC = YES;
				CLANG_ENABLE_OBJC_WEAK = YES;
				CLANG_WARN_BLOCK_CAPTURE_AUTORELEASING = YES;
				CLANG_WARN_BOOL_CONVERSION = YES;
				CLANG_WARN_COMMA = YES;
				CLANG_WARN_CONSTANT_CONVERSION = YES;
				CLANG_WARN_DEPRECATED_OBJC_IMPLEMENTATIONS = YES;
				CLANG_WARN_DIRECT_OBJC_ISA_USAGE = YES_ERROR;
				CLANG_WARN_DOCUMENTATION_COMMENTS = YES;
				CLANG_WARN_EMPTY_BODY = YES;
				CLANG_WARN_ENUM_CONVERSION = YES;
				CLANG_WARN_INFINITE_RECURSION = YES;
				CLANG_WARN_INT_CONVERSION = YES;
				CLANG_WARN_NON_LITERAL_NULL_CONVERSION = YES;
				CLANG_WARN_OBJC_IMPLICIT_RETAIN_SELF = YES;
				CLANG_WARN_OBJC_LITERAL_CONVERSION = YES;
				CLANG_WARN_OBJC_ROOT_CLASS = YES_ERROR;
				CLANG_WARN_QUOTED_INCLUDE_IN_FRAMEWORK_HEADER = YES;
				CLANG_WARN_RANGE_LOOP_ANALYSIS = YES;
				CLANG_WARN_STRICT_PROTOTYPES = YES;
				CLANG_WARN_SUSPICIOUS_MOVE = YES;
				CLANG_WARN_UNGUARDED_AVAILABILITY = YES_AGGRESSIVE;
				CLANG_WARN_UNREACHABLE_CODE = YES;
				CLANG_WARN__DUPLICATE_METHOD_MATCH = YES;
				COPY_PHASE_STRIP = NO;
				DEBUG_INFORMATION_FORMAT = "dwarf-with-dsym";
				ENABLE_NS_ASSERTIONS = NO;
				ENABLE_STRICT_OBJC_MSGSEND = YES;
				GCC_C_LANGUAGE_STANDARD = gnu11;
				GCC_NO_COMMON_BLOCKS = YES;
				GCC_WARN_64_TO_32_BIT_CONVERSION = YES;
				GCC_WARN_ABOUT_RETURN_TYPE = YES_ERROR;
				GCC_WARN_UNDECLARED_SELECTOR = YES;
				GCC_WARN_UNINITIALIZED_AUTOS = YES_AGGRESSIVE;
				GCC_WARN_UNUSED_FUNCTION = YES;
				GCC_WARN_UNUSED_VARIABLE = YES;
				IPHONEOS_DEPLOYMENT_TARGET = 15.2;
				MTL_ENABLE_DEBUG_INFO = NO;
				MTL_FAST_MATH = YES;
				SDKROOT = iphoneos;
				SWIFT_COMPILATION_MODE = wholemodule;
				SWIFT_OPTIMIZATION_LEVEL = "-O";
				VALIDATE_PRODUCT = YES;
			};
			name = Release;
		};
		56E9C76227E89CD2006F6DD8 /* Debug */ = {
			isa = XCBuildConfiguration;
			buildSettings = {
				ASSETCATALOG_COMPILER_APPICON_NAME = AppIcon;
				ASSETCATALOG_COMPILER_GLOBAL_ACCENT_COLOR_NAME = AccentColor;
				CODE_SIGN_STYLE = Automatic;
				CURRENT_PROJECT_VERSION = 1;
				DEVELOPMENT_TEAM = 3Y6V9A6BSD;
				GENERATE_INFOPLIST_FILE = YES;
				INFOPLIST_FILE = "ContOnMe/supporting files/Info.plist";
				INFOPLIST_KEY_UIApplicationSupportsIndirectInputEvents = YES;
				INFOPLIST_KEY_UILaunchStoryboardName = LaunchScreen;
				INFOPLIST_KEY_UIMainStoryboardFile = Main;
				INFOPLIST_KEY_UISupportedInterfaceOrientations_iPad = "UIInterfaceOrientationPortrait UIInterfaceOrientationPortraitUpsideDown UIInterfaceOrientationLandscapeLeft UIInterfaceOrientationLandscapeRight";
				INFOPLIST_KEY_UISupportedInterfaceOrientations_iPhone = "UIInterfaceOrientationPortrait UIInterfaceOrientationLandscapeLeft UIInterfaceOrientationLandscapeRight";
				LD_RUNPATH_SEARCH_PATHS = (
					"$(inherited)",
					"@executable_path/Frameworks",
				);
				MARKETING_VERSION = 1.0;
				PRODUCT_BUNDLE_IDENTIFIER = fr.free.laurent.aubourg.ContOnMe;
				PRODUCT_NAME = "$(TARGET_NAME)";
				SWIFT_EMIT_LOC_STRINGS = YES;
				SWIFT_VERSION = 5.0;
				TARGETED_DEVICE_FAMILY = "1,2";
			};
			name = Debug;
		};
		56E9C76327E89CD2006F6DD8 /* Release */ = {
			isa = XCBuildConfiguration;
			buildSettings = {
				ASSETCATALOG_COMPILER_APPICON_NAME = AppIcon;
				ASSETCATALOG_COMPILER_GLOBAL_ACCENT_COLOR_NAME = AccentColor;
				CODE_SIGN_STYLE = Automatic;
				CURRENT_PROJECT_VERSION = 1;
				DEVELOPMENT_TEAM = 3Y6V9A6BSD;
				GENERATE_INFOPLIST_FILE = YES;
				INFOPLIST_FILE = "ContOnMe/supporting files/Info.plist";
				INFOPLIST_KEY_UIApplicationSupportsIndirectInputEvents = YES;
				INFOPLIST_KEY_UILaunchStoryboardName = LaunchScreen;
				INFOPLIST_KEY_UIMainStoryboardFile = Main;
				INFOPLIST_KEY_UISupportedInterfaceOrientations_iPad = "UIInterfaceOrientationPortrait UIInterfaceOrientationPortraitUpsideDown UIInterfaceOrientationLandscapeLeft UIInterfaceOrientationLandscapeRight";
				INFOPLIST_KEY_UISupportedInterfaceOrientations_iPhone = "UIInterfaceOrientationPortrait UIInterfaceOrientationLandscapeLeft UIInterfaceOrientationLandscapeRight";
				LD_RUNPATH_SEARCH_PATHS = (
					"$(inherited)",
					"@executable_path/Frameworks",
				);
				MARKETING_VERSION = 1.0;
				PRODUCT_BUNDLE_IDENTIFIER = fr.free.laurent.aubourg.ContOnMe;
				PRODUCT_NAME = "$(TARGET_NAME)";
				SWIFT_EMIT_LOC_STRINGS = YES;
				SWIFT_VERSION = 5.0;
				TARGETED_DEVICE_FAMILY = "1,2";
			};
			name = Release;
		};
/* End XCBuildConfiguration section */

/* Begin XCConfigurationList section */
		56E9C74827E89CD1006F6DD8 /* Build configuration list for PBXProject "ContOnMe" */ = {
			isa = XCConfigurationList;
			buildConfigurations = (
				56E9C75F27E89CD2006F6DD8 /* Debug */,
				56E9C76027E89CD2006F6DD8 /* Release */,
			);
			defaultConfigurationIsVisible = 0;
			defaultConfigurationName = Release;
		};
		56E9C76127E89CD2006F6DD8 /* Build configuration list for PBXNativeTarget "ContOnMe" */ = {
			isa = XCConfigurationList;
			buildConfigurations = (
				56E9C76227E89CD2006F6DD8 /* Debug */,
				56E9C76327E89CD2006F6DD8 /* Release */,
			);
			defaultConfigurationIsVisible = 0;
			defaultConfigurationName = Release;
		};
/* End XCConfigurationList section */
	};
	rootObject = 56E9C74527E89CD1006F6DD8 /* Project object */;
}
